PODS:
  - Nimble (8.0.2)
  - Quick (2.1.0)
  - RxSwift (5.0.0)
  - SwiftyEventBus (1.0.1)
  - SwiftyEventBusRx (1.0.1):
    - RxSwift (~> 5.0.0)
    - SwiftyEventBus (~> 1.0.0)

DEPENDENCIES:
  - Nimble
  - Quick
  - SwiftyEventBus (from `./`)
  - SwiftyEventBusRx (from `./`)

SPEC REPOS:
  https://github.com/cocoapods/specs.git:
    - Nimble
    - Quick
    - RxSwift

EXTERNAL SOURCES:
  SwiftyEventBus:
    :path: "./"
  SwiftyEventBusRx:
    :path: "./"

SPEC CHECKSUMS:
  Nimble: 622629381bda1dd5678162f21f1368cec7cbba60
  Quick: 4be43f6634acfa727dd106bdf3929ce125ffa79d
  RxSwift: 8b0671caa829a763bbce7271095859121cbd895f
  SwiftyEventBus: 92afc60f805388d4f75854fe0f5acf41a56e2952
  SwiftyEventBusRx: 00a0565dd6de84bef3f9d3bcd31e86030159af4a

PODFILE CHECKSUM: 6a65ed35e3ae90f8e9471f81b83ab3e2ef9ad71d

COCOAPODS: 1.7.4
